
Microsoft Visual Studio Solution File, Format Version 12.00
# Visual Studio Version 17
VisualStudioVersion = 17.1.32328.378
MinimumVisualStudioVersion = 10.0.40219.1
Project("{9A19103F-16F7-4668-BE54-9A1E7A4F7556}") = "FFConvert", "FFConvert\FFConvert.csproj", "{26C05927-4423-46A7-9448-3111DA9316F4}"
EndProject
Project("{9A19103F-16F7-4668-BE54-9A1E7A4F7556}") = "FFConvert.Tests", "FFConvert.Tests\FFConvert.Tests.csproj", "{D8DF8D9B-FCB3-4AF1-8E91-86436D320240}"
EndProject
Project("{2150E333-8FDC-42A3-9474-1A3956D46DE8}") = "Mokcs", "Mokcs", "{8BA377EE-8688-4F97-983A-E441C70A323B}"
EndProject
Project("{9A19103F-16F7-4668-BE54-9A1E7A4F7556}") = "ffmpeg", "FFConvert.Mocks\ffmpeg\ffmpeg.csproj", "{72BDFAC6-8CF9-45AF-BCA1-A282C0E58F73}"
EndProject
Project("{9A19103F-16F7-4668-BE54-9A1E7A4F7556}") = "ffprobe", "FFConvert.Mocks\ffprobe\ffprobe.csproj", "{CC2E1EF9-AB8B-4A41-8AEC-6B069191637A}"
EndProject
Project("{2150E333-8FDC-42A3-9474-1A3956D46DE8}") = "Solution Items", "Solution Items", "{DA5BD32D-B96C-4CA0-8033-A72DD484BF1C}"
	ProjectSection(SolutionItems) = preProject
		.editorconfig = .editorconfig
	EndProjectSection
EndProject
Global
	GlobalSection(SolutionConfigurationPlatforms) = preSolution
		Debug|Any CPU = Debug|Any CPU
		Release|Any CPU = Release|Any CPU
	EndGlobalSection
	GlobalSection(ProjectConfigurationPlatforms) = postSolution
		{26C05927-4423-46A7-9448-3111DA9316F4}.Debug|Any CPU.ActiveCfg = Debug|Any CPU
		{26C05927-4423-46A7-9448-3111DA9316F4}.Debug|Any CPU.Build.0 = Debug|Any CPU
		{26C05927-4423-46A7-9448-3111DA9316F4}.Release|Any CPU.ActiveCfg = Release|Any CPU
		{26C05927-4423-46A7-9448-3111DA9316F4}.Release|Any CPU.Build.0 = Release|Any CPU
		{D8DF8D9B-FCB3-4AF1-8E91-86436D320240}.Debug|Any CPU.ActiveCfg = Debug|Any CPU
		{D8DF8D9B-FCB3-4AF1-8E91-86436D320240}.Debug|Any CPU.Build.0 = Debug|Any CPU
		{D8DF8D9B-FCB3-4AF1-8E91-86436D320240}.Release|Any CPU.ActiveCfg = Release|Any CPU
		{D8DF8D9B-FCB3-4AF1-8E91-86436D320240}.Release|Any CPU.Build.0 = Release|Any CPU
		{72BDFAC6-8CF9-45AF-BCA1-A282C0E58F73}.Debug|Any CPU.ActiveCfg = Debug|Any CPU
		{72BDFAC6-8CF9-45AF-BCA1-A282C0E58F73}.Debug|Any CPU.Build.0 = Debug|Any CPU
		{72BDFAC6-8CF9-45AF-BCA1-A282C0E58F73}.Release|Any CPU.ActiveCfg = Release|Any CPU
		{72BDFAC6-8CF9-45AF-BCA1-A282C0E58F73}.Release|Any CPU.Build.0 = Release|Any CPU
		{CC2E1EF9-AB8B-4A41-8AEC-6B069191637A}.Debug|Any CPU.ActiveCfg = Debug|Any CPU
		{CC2E1EF9-AB8B-4A41-8AEC-6B069191637A}.Debug|Any CPU.Build.0 = Debug|Any CPU
		{CC2E1EF9-AB8B-4A41-8AEC-6B069191637A}.Release|Any CPU.ActiveCfg = Release|Any CPU
		{CC2E1EF9-AB8B-4A41-8AEC-6B069191637A}.Release|Any CPU.Build.0 = Release|Any CPU
	EndGlobalSection
	GlobalSection(SolutionProperties) = preSolution
		HideSolutionNode = FALSE
	EndGlobalSection
	GlobalSection(NestedProjects) = preSolution
		{72BDFAC6-8CF9-45AF-BCA1-A282C0E58F73} = {8BA377EE-8688-4F97-983A-E441C70A323B}
		{CC2E1EF9-AB8B-4A41-8AEC-6B069191637A} = {8BA377EE-8688-4F97-983A-E441C70A323B}
	EndGlobalSection
	GlobalSection(ExtensibilityGlobals) = postSolution
		SolutionGuid = {71DA3C75-16D4-44F1-88E3-30A59E9C1D3E}
	EndGlobalSection
EndGlobal
